
Microsoft Visual Studio Solution File, Format Version 12.00
# Visual Studio Version 16
VisualStudioVersion = 16.0.30204.135
MinimumVisualStudioVersion = 10.0.40219.1
Project("{FAE04EC0-301F-11D3-BF4B-00C04F79EFBC}") = "ReferansTipler", "ReferansTipler.csproj", "{1540E417-84A0-45AE-BDBC-DC8CCE06145E}"
EndProject
Global
	GlobalSection(SolutionConfigurationPlatforms) = preSolution
		Debug|Any CPU = Debug|Any CPU
		Release|Any CPU = Release|Any CPU
	EndGlobalSection
	GlobalSection(ProjectConfigurationPlatforms) = postSolution
		{1540E417-84A0-45AE-BDBC-DC8CCE06145E}.Debug|Any CPU.ActiveCfg = Debug|Any CPU
		{1540E417-84A0-45AE-BDBC-DC8CCE06145E}.Debug|Any CPU.Build.0 = Debug|Any CPU
		{1540E417-84A0-45AE-BDBC-DC8CCE06145E}.Release|Any CPU.ActiveCfg = Release|Any CPU
		{1540E417-84A0-45AE-BDBC-DC8CCE06145E}.Release|Any CPU.Build.0 = Release|Any CPU
	EndGlobalSection
	GlobalSection(SolutionProperties) = preSolution
		HideSolutionNode = FALSE
	EndGlobalSection
	GlobalSection(ExtensibilityGlobals) = postSolution
		SolutionGuid = {28A37D9B-975C-4CE9-A0DF-F1AAB4C42084}
	EndGlobalSection
EndGlobal
